
Microsoft Visual Studio Solution File, Format Version 11.00
# Visual Studio 2010
Project("{FAE04EC0-301F-11D3-BF4B-00C04F79EFBC}") = "Adventure_Prototype", "Adventure_Prototype\Adventure_Prototype\Adventure_Prototype.csproj", "{AEA62DDA-19D1-4978-AE85-0552823BBAF2}"
EndProject
Project("{FAE04EC0-301F-11D3-BF4B-00C04F79EFBC}") = "Adventure_PrototypeContent", "Adventure_Prototype\Adventure_PrototypeContent\Adventure_PrototypeContent.contentproj", "{142109E0-9F57-458C-96DC-266457B4EEA1}"
EndProject
Project("{FAE04EC0-301F-11D3-BF4B-00C04F79EFBC}") = "ServerSoftware", "ServerSoftware\ServerSoftware.csproj", "{B6D875E0-CAF7-4997-AA13-A1C68DE65CF8}"
EndProject
Global
	GlobalSection(SolutionConfigurationPlatforms) = preSolution
		Debug|Any CPU = Debug|Any CPU
		Debug|Mixed Platforms = Debug|Mixed Platforms
		Debug|x86 = Debug|x86
		Release|Any CPU = Release|Any CPU
		Release|Mixed Platforms = Release|Mixed Platforms
		Release|x86 = Release|x86
	EndGlobalSection
	GlobalSection(ProjectConfigurationPlatforms) = postSolution
		{AEA62DDA-19D1-4978-AE85-0552823BBAF2}.Debug|Any CPU.ActiveCfg = Debug|x86
		{AEA62DDA-19D1-4978-AE85-0552823BBAF2}.Debug|Mixed Platforms.ActiveCfg = Debug|x86
		{AEA62DDA-19D1-4978-AE85-0552823BBAF2}.Debug|Mixed Platforms.Build.0 = Debug|x86
		{AEA62DDA-19D1-4978-AE85-0552823BBAF2}.Debug|x86.ActiveCfg = Debug|x86
		{AEA62DDA-19D1-4978-AE85-0552823BBAF2}.Debug|x86.Build.0 = Debug|x86
		{AEA62DDA-19D1-4978-AE85-0552823BBAF2}.Release|Any CPU.ActiveCfg = Release|x86
		{AEA62DDA-19D1-4978-AE85-0552823BBAF2}.Release|Mixed Platforms.ActiveCfg = Release|x86
		{AEA62DDA-19D1-4978-AE85-0552823BBAF2}.Release|Mixed Platforms.Build.0 = Release|x86
		{AEA62DDA-19D1-4978-AE85-0552823BBAF2}.Release|x86.ActiveCfg = Release|x86
		{AEA62DDA-19D1-4978-AE85-0552823BBAF2}.Release|x86.Build.0 = Release|x86
		{142109E0-9F57-458C-96DC-266457B4EEA1}.Debug|Any CPU.ActiveCfg = Debug|x86
		{142109E0-9F57-458C-96DC-266457B4EEA1}.Debug|Mixed Platforms.ActiveCfg = Debug|x86
		{142109E0-9F57-458C-96DC-266457B4EEA1}.Debug|x86.ActiveCfg = Debug|x86
		{142109E0-9F57-458C-96DC-266457B4EEA1}.Release|Any CPU.ActiveCfg = Release|x86
		{142109E0-9F57-458C-96DC-266457B4EEA1}.Release|Mixed Platforms.ActiveCfg = Release|x86
		{142109E0-9F57-458C-96DC-266457B4EEA1}.Release|x86.ActiveCfg = Release|x86
		{B6D875E0-CAF7-4997-AA13-A1C68DE65CF8}.Debug|Any CPU.ActiveCfg = Debug|x86
		{B6D875E0-CAF7-4997-AA13-A1C68DE65CF8}.Debug|Mixed Platforms.ActiveCfg = Debug|x86
		{B6D875E0-CAF7-4997-AA13-A1C68DE65CF8}.Debug|Mixed Platforms.Build.0 = Debug|x86
		{B6D875E0-CAF7-4997-AA13-A1C68DE65CF8}.Debug|x86.ActiveCfg = Debug|x86
		{B6D875E0-CAF7-4997-AA13-A1C68DE65CF8}.Debug|x86.Build.0 = Debug|x86
		{B6D875E0-CAF7-4997-AA13-A1C68DE65CF8}.Release|Any CPU.ActiveCfg = Release|x86
		{B6D875E0-CAF7-4997-AA13-A1C68DE65CF8}.Release|Mixed Platforms.ActiveCfg = Release|x86
		{B6D875E0-CAF7-4997-AA13-A1C68DE65CF8}.Release|Mixed Platforms.Build.0 = Release|x86
		{B6D875E0-CAF7-4997-AA13-A1C68DE65CF8}.Release|x86.ActiveCfg = Release|x86
		{B6D875E0-CAF7-4997-AA13-A1C68DE65CF8}.Release|x86.Build.0 = Release|x86
	EndGlobalSection
	GlobalSection(SolutionProperties) = preSolution
		HideSolutionNode = FALSE
	EndGlobalSection
EndGlobal
